// !$*UTF8*$!
{
	archiveVersion = 1;
	classes = {
	};
	objectVersion = 46;
	objects = {

/* Begin PBXBuildFile section */
		1B29C6262202721A00EFA22B /* Escola.swift in Sources */ = {isa = PBXBuildFile; fileRef = 1B29C6252202721A00EFA22B /* Escola.swift */; };
		1B3F9D2C2207E3AB0008F892 /* TransporteViewController.swift in Sources */ = {isa = PBXBuildFile; fileRef = 1B3F9D2B2207E3AB0008F892 /* TransporteViewController.swift */; };
		1B6762FF21FE8B8500A442A5 /* Assets.xcassets in Resources */ = {isa = PBXBuildFile; fileRef = 1B6762FE21FE8B8500A442A5 /* Assets.xcassets */; };
		1B89E3D922091C4B00A815D9 /* InformacaoEscolaPopupViewController.swift in Sources */ = {isa = PBXBuildFile; fileRef = 1B89E3D822091C4B00A815D9 /* InformacaoEscolaPopupViewController.swift */; };
		1BEB0C83220723F700716B65 /* InformacoesSocialViewController.swift in Sources */ = {isa = PBXBuildFile; fileRef = 1BEB0C82220723F700716B65 /* InformacoesSocialViewController.swift */; };
		1BEB0C86220739B500716B65 /* DadosDetalhesSocialTableViewController.swift in Sources */ = {isa = PBXBuildFile; fileRef = 1BEB0C85220739B500716B65 /* DadosDetalhesSocialTableViewController.swift */; };
		2F3448E51F68E6E600E3F383 /* RatingControl.swift in Sources */ = {isa = PBXBuildFile; fileRef = 2F3448E41F68E6E600E3F383 /* RatingControl.swift */; };
		2F356C221F679CCA00EFE0D3 /* CoreLocation.framework in Frameworks */ = {isa = PBXBuildFile; fileRef = 2F356C211F679CCA00EFE0D3 /* CoreLocation.framework */; };
		2F39DE9C1F6B291500536B14 /* SocialViewController.swift in Sources */ = {isa = PBXBuildFile; fileRef = 2F39DE9B1F6B291500536B14 /* SocialViewController.swift */; };
		2F39DE9E1F6B292D00536B14 /* DetalhesSocialViewController.swift in Sources */ = {isa = PBXBuildFile; fileRef = 2F39DE9D1F6B292D00536B14 /* DetalhesSocialViewController.swift */; };
		2F39DEA01F6B296300536B14 /* QuestionsViewController.swift in Sources */ = {isa = PBXBuildFile; fileRef = 2F39DE9F1F6B296300536B14 /* QuestionsViewController.swift */; };
		2F3C719B1F6B6C8D002663BE /* AlertaFactory.swift in Sources */ = {isa = PBXBuildFile; fileRef = 2F3C719A1F6B6C8D002663BE /* AlertaFactory.swift */; };
		2F3DC2CD1F6D65C800B1A3A5 /* EconomicoViewController.swift in Sources */ = {isa = PBXBuildFile; fileRef = 2F3DC2CC1F6D65C800B1A3A5 /* EconomicoViewController.swift */; };
		2F458DC01F6B44F800C54725 /* GoogleService-Info.plist in Resources */ = {isa = PBXBuildFile; fileRef = 2F458DBF1F6B44F800C54725 /* GoogleService-Info.plist */; };
		2F458DC21F6B45C400C54725 /* Cenario.swift in Sources */ = {isa = PBXBuildFile; fileRef = 2F458DC11F6B45C400C54725 /* Cenario.swift */; };
		2FCA844C1F67707E001593D3 /* AppDelegate.swift in Sources */ = {isa = PBXBuildFile; fileRef = 2FCA844B1F67707E001593D3 /* AppDelegate.swift */; };
		2FCA844E1F67707E001593D3 /* ViewController.swift in Sources */ = {isa = PBXBuildFile; fileRef = 2FCA844D1F67707E001593D3 /* ViewController.swift */; };
		2FCA84511F67707E001593D3 /* Main.storyboard in Resources */ = {isa = PBXBuildFile; fileRef = 2FCA844F1F67707E001593D3 /* Main.storyboard */; };
		2FCA84541F67707E001593D3 /* IEB.xcdatamodeld in Sources */ = {isa = PBXBuildFile; fileRef = 2FCA84521F67707E001593D3 /* IEB.xcdatamodeld */; };
		2FCA84591F67707E001593D3 /* LaunchScreen.storyboard in Resources */ = {isa = PBXBuildFile; fileRef = 2FCA84571F67707E001593D3 /* LaunchScreen.storyboard */; };
		2FCA84641F67707E001593D3 /* IEBTests.swift in Sources */ = {isa = PBXBuildFile; fileRef = 2FCA84631F67707E001593D3 /* IEBTests.swift */; };
		2FCA846F1F67707E001593D3 /* IEBUITests.swift in Sources */ = {isa = PBXBuildFile; fileRef = 2FCA846E1F67707E001593D3 /* IEBUITests.swift */; };
		52BCFF97E92AE3575DC67293 /* Pods_IEB.framework in Frameworks */ = {isa = PBXBuildFile; fileRef = 7C27374912E3993FC8992407 /* Pods_IEB.framework */; };
		9C65DE8DF3BA54D2BED486D2 /* Pods_IEBUITests.framework in Frameworks */ = {isa = PBXBuildFile; fileRef = 8083357A4AA92C89B795489E /* Pods_IEBUITests.framework */; };
		D4953346BA74B2AD5173C557 /* Pods_IEBTests.framework in Frameworks */ = {isa = PBXBuildFile; fileRef = 230102D9EFE948C7E11AE522 /* Pods_IEBTests.framework */; };
/* End PBXBuildFile section */

/* Begin PBXContainerItemProxy section */
		2FCA84601F67707E001593D3 /* PBXContainerItemProxy */ = {
			isa = PBXContainerItemProxy;
			containerPortal = 2FCA84401F67707E001593D3 /* Project object */;
			proxyType = 1;
			remoteGlobalIDString = 2FCA84471F67707E001593D3;
			remoteInfo = IEB;
		};
		2FCA846B1F67707E001593D3 /* PBXContainerItemProxy */ = {
			isa = PBXContainerItemProxy;
			containerPortal = 2FCA84401F67707E001593D3 /* Project object */;
			proxyType = 1;
			remoteGlobalIDString = 2FCA84471F67707E001593D3;
			remoteInfo = IEB;
		};
/* End PBXContainerItemProxy section */

/* Begin PBXFileReference section */
		1A8ECF4D84E02C21837B93B8 /* Pods-IEB.debug.xcconfig */ = {isa = PBXFileReference; includeInIndex = 1; lastKnownFileType = text.xcconfig; name = "Pods-IEB.debug.xcconfig"; path = "Pods/Target Support Files/Pods-IEB/Pods-IEB.debug.xcconfig"; sourceTree = "<group>"; };
		1B29C6252202721A00EFA22B /* Escola.swift */ = {isa = PBXFileReference; lastKnownFileType = sourcecode.swift; path = Escola.swift; sourceTree = "<group>"; };
		1B3F9D2B2207E3AB0008F892 /* TransporteViewController.swift */ = {isa = PBXFileReference; lastKnownFileType = sourcecode.swift; path = TransporteViewController.swift; sourceTree = "<group>"; };
		1B6762FE21FE8B8500A442A5 /* Assets.xcassets */ = {isa = PBXFileReference; lastKnownFileType = folder.assetcatalog; path = Assets.xcassets; sourceTree = "<group>"; };
		1B89E3D822091C4B00A815D9 /* InformacaoEscolaPopupViewController.swift */ = {isa = PBXFileReference; lastKnownFileType = sourcecode.swift; path = InformacaoEscolaPopupViewController.swift; sourceTree = "<group>"; };
		1BEB0C82220723F700716B65 /* InformacoesSocialViewController.swift */ = {isa = PBXFileReference; lastKnownFileType = sourcecode.swift; path = InformacoesSocialViewController.swift; sourceTree = "<group>"; };
		1BEB0C85220739B500716B65 /* DadosDetalhesSocialTableViewController.swift */ = {isa = PBXFileReference; lastKnownFileType = sourcecode.swift; path = DadosDetalhesSocialTableViewController.swift; sourceTree = "<group>"; };
		230102D9EFE948C7E11AE522 /* Pods_IEBTests.framework */ = {isa = PBXFileReference; explicitFileType = wrapper.framework; includeInIndex = 0; path = Pods_IEBTests.framework; sourceTree = BUILT_PRODUCTS_DIR; };
		2F3448E41F68E6E600E3F383 /* RatingControl.swift */ = {isa = PBXFileReference; fileEncoding = 4; lastKnownFileType = sourcecode.swift; path = RatingControl.swift; sourceTree = "<group>"; };
		2F356C211F679CCA00EFE0D3 /* CoreLocation.framework */ = {isa = PBXFileReference; lastKnownFileType = wrapper.framework; name = CoreLocation.framework; path = System/Library/Frameworks/CoreLocation.framework; sourceTree = SDKROOT; };
		2F39DE9B1F6B291500536B14 /* SocialViewController.swift */ = {isa = PBXFileReference; fileEncoding = 4; lastKnownFileType = sourcecode.swift; path = SocialViewController.swift; sourceTree = "<group>"; };
		2F39DE9D1F6B292D00536B14 /* DetalhesSocialViewController.swift */ = {isa = PBXFileReference; fileEncoding = 4; lastKnownFileType = sourcecode.swift; path = DetalhesSocialViewController.swift; sourceTree = "<group>"; };
		2F39DE9F1F6B296300536B14 /* QuestionsViewController.swift */ = {isa = PBXFileReference; fileEncoding = 4; lastKnownFileType = sourcecode.swift; path = QuestionsViewController.swift; sourceTree = "<group>"; };
		2F3C719A1F6B6C8D002663BE /* AlertaFactory.swift */ = {isa = PBXFileReference; fileEncoding = 4; lastKnownFileType = sourcecode.swift; path = AlertaFactory.swift; sourceTree = "<group>"; };
		2F3DC2CC1F6D65C800B1A3A5 /* EconomicoViewController.swift */ = {isa = PBXFileReference; fileEncoding = 4; lastKnownFileType = sourcecode.swift; path = EconomicoViewController.swift; sourceTree = "<group>"; };
		2F458DBF1F6B44F800C54725 /* GoogleService-Info.plist */ = {isa = PBXFileReference; fileEncoding = 4; lastKnownFileType = text.plist.xml; path = "GoogleService-Info.plist"; sourceTree = "<group>"; };
		2F458DC11F6B45C400C54725 /* Cenario.swift */ = {isa = PBXFileReference; fileEncoding = 4; lastKnownFileType = sourcecode.swift; path = Cenario.swift; sourceTree = "<group>"; };
		2FCA84481F67707E001593D3 /* IEB.app */ = {isa = PBXFileReference; explicitFileType = wrapper.application; includeInIndex = 0; path = IEB.app; sourceTree = BUILT_PRODUCTS_DIR; };
		2FCA844B1F67707E001593D3 /* AppDelegate.swift */ = {isa = PBXFileReference; lastKnownFileType = sourcecode.swift; path = AppDelegate.swift; sourceTree = "<group>"; };
		2FCA844D1F67707E001593D3 /* ViewController.swift */ = {isa = PBXFileReference; lastKnownFileType = sourcecode.swift; path = ViewController.swift; sourceTree = "<group>"; };
		2FCA84501F67707E001593D3 /* Base */ = {isa = PBXFileReference; lastKnownFileType = file.storyboard; name = Base; path = Base.lproj/Main.storyboard; sourceTree = "<group>"; };
		2FCA84531F67707E001593D3 /* IEB.xcdatamodel */ = {isa = PBXFileReference; lastKnownFileType = wrapper.xcdatamodel; path = IEB.xcdatamodel; sourceTree = "<group>"; };
		2FCA84581F67707E001593D3 /* Base */ = {isa = PBXFileReference; lastKnownFileType = file.storyboard; name = Base; path = Base.lproj/LaunchScreen.storyboard; sourceTree = "<group>"; };
		2FCA845A1F67707E001593D3 /* Info.plist */ = {isa = PBXFileReference; lastKnownFileType = text.plist.xml; path = Info.plist; sourceTree = "<group>"; };
		2FCA845F1F67707E001593D3 /* IEBTests.xctest */ = {isa = PBXFileReference; explicitFileType = wrapper.cfbundle; includeInIndex = 0; path = IEBTests.xctest; sourceTree = BUILT_PRODUCTS_DIR; };
		2FCA84631F67707E001593D3 /* IEBTests.swift */ = {isa = PBXFileReference; lastKnownFileType = sourcecode.swift; path = IEBTests.swift; sourceTree = "<group>"; };
		2FCA84651F67707E001593D3 /* Info.plist */ = {isa = PBXFileReference; lastKnownFileType = text.plist.xml; path = Info.plist; sourceTree = "<group>"; };
		2FCA846A1F67707E001593D3 /* IEBUITests.xctest */ = {isa = PBXFileReference; explicitFileType = wrapper.cfbundle; includeInIndex = 0; path = IEBUITests.xctest; sourceTree = BUILT_PRODUCTS_DIR; };
		2FCA846E1F67707E001593D3 /* IEBUITests.swift */ = {isa = PBXFileReference; lastKnownFileType = sourcecode.swift; path = IEBUITests.swift; sourceTree = "<group>"; };
		2FCA84701F67707E001593D3 /* Info.plist */ = {isa = PBXFileReference; lastKnownFileType = text.plist.xml; path = Info.plist; sourceTree = "<group>"; };
		7C27374912E3993FC8992407 /* Pods_IEB.framework */ = {isa = PBXFileReference; explicitFileType = wrapper.framework; includeInIndex = 0; path = Pods_IEB.framework; sourceTree = BUILT_PRODUCTS_DIR; };
		8083357A4AA92C89B795489E /* Pods_IEBUITests.framework */ = {isa = PBXFileReference; explicitFileType = wrapper.framework; includeInIndex = 0; path = Pods_IEBUITests.framework; sourceTree = BUILT_PRODUCTS_DIR; };
		870975CB0FAEEDFDF1B39A3F /* Pods-IEB.release.xcconfig */ = {isa = PBXFileReference; includeInIndex = 1; lastKnownFileType = text.xcconfig; name = "Pods-IEB.release.xcconfig"; path = "Pods/Target Support Files/Pods-IEB/Pods-IEB.release.xcconfig"; sourceTree = "<group>"; };
		C93CA9C93559283A3FC55EB2 /* Pods-IEBTests.debug.xcconfig */ = {isa = PBXFileReference; includeInIndex = 1; lastKnownFileType = text.xcconfig; name = "Pods-IEBTests.debug.xcconfig"; path = "Pods/Target Support Files/Pods-IEBTests/Pods-IEBTests.debug.xcconfig"; sourceTree = "<group>"; };
		CEC8A7CF7CB2FC5B428AFFC0 /* Pods-IEBUITests.debug.xcconfig */ = {isa = PBXFileReference; includeInIndex = 1; lastKnownFileType = text.xcconfig; name = "Pods-IEBUITests.debug.xcconfig"; path = "Pods/Target Support Files/Pods-IEBUITests/Pods-IEBUITests.debug.xcconfig"; sourceTree = "<group>"; };
		D6C808739C6F5502AC1D968E /* Pods-IEBUITests.release.xcconfig */ = {isa = PBXFileReference; includeInIndex = 1; lastKnownFileType = text.xcconfig; name = "Pods-IEBUITests.release.xcconfig"; path = "Pods/Target Support Files/Pods-IEBUITests/Pods-IEBUITests.release.xcconfig"; sourceTree = "<group>"; };
		F2CADE1CE041E2FC3B5033A2 /* Pods-IEBTests.release.xcconfig */ = {isa = PBXFileReference; includeInIndex = 1; lastKnownFileType = text.xcconfig; name = "Pods-IEBTests.release.xcconfig"; path = "Pods/Target Support Files/Pods-IEBTests/Pods-IEBTests.release.xcconfig"; sourceTree = "<group>"; };
/* End PBXFileReference section */

/* Begin PBXFrameworksBuildPhase section */
		2FCA84451F67707E001593D3 /* Frameworks */ = {
			isa = PBXFrameworksBuildPhase;
			buildActionMask = 2147483647;
			files = (
				2F356C221F679CCA00EFE0D3 /* CoreLocation.framework in Frameworks */,
				52BCFF97E92AE3575DC67293 /* Pods_IEB.framework in Frameworks */,
			);
			runOnlyForDeploymentPostprocessing = 0;
		};
		2FCA845C1F67707E001593D3 /* Frameworks */ = {
			isa = PBXFrameworksBuildPhase;
			buildActionMask = 2147483647;
			files = (
				D4953346BA74B2AD5173C557 /* Pods_IEBTests.framework in Frameworks */,
			);
			runOnlyForDeploymentPostprocessing = 0;
		};
		2FCA84671F67707E001593D3 /* Frameworks */ = {
			isa = PBXFrameworksBuildPhase;
			buildActionMask = 2147483647;
			files = (
				9C65DE8DF3BA54D2BED486D2 /* Pods_IEBUITests.framework in Frameworks */,
			);
			runOnlyForDeploymentPostprocessing = 0;
		};
/* End PBXFrameworksBuildPhase section */

/* Begin PBXGroup section */
		1BEB0C842207393400716B65 /* TableView */ = {
			isa = PBXGroup;
			children = (
				1BEB0C85220739B500716B65 /* DadosDetalhesSocialTableViewController.swift */,
			);
			name = TableView;
			sourceTree = "<group>";
		};
		2F3448E61F68F73A00E3F383 /* Controllers */ = {
			isa = PBXGroup;
			children = (
				1B89E3D822091C4B00A815D9 /* InformacaoEscolaPopupViewController.swift */,
				2F39DE9B1F6B291500536B14 /* SocialViewController.swift */,
				2F39DE9D1F6B292D00536B14 /* DetalhesSocialViewController.swift */,
				2F39DE9F1F6B296300536B14 /* QuestionsViewController.swift */,
				2F3DC2CC1F6D65C800B1A3A5 /* EconomicoViewController.swift */,
				1BEB0C82220723F700716B65 /* InformacoesSocialViewController.swift */,
				1B3F9D2B2207E3AB0008F892 /* TransporteViewController.swift */,
			);
			name = Controllers;
			sourceTree = "<group>";
		};
		2F356C201F679CCA00EFE0D3 /* Frameworks */ = {
			isa = PBXGroup;
			children = (
				2F356C211F679CCA00EFE0D3 /* CoreLocation.framework */,
				7C27374912E3993FC8992407 /* Pods_IEB.framework */,
				230102D9EFE948C7E11AE522 /* Pods_IEBTests.framework */,
				8083357A4AA92C89B795489E /* Pods_IEBUITests.framework */,
			);
			name = Frameworks;
			sourceTree = "<group>";
		};
		2F356C231F679FEF00EFE0D3 /* commons */ = {
			isa = PBXGroup;
			children = (
				2F3448E41F68E6E600E3F383 /* RatingControl.swift */,
				2F3C719A1F6B6C8D002663BE /* AlertaFactory.swift */,
			);
			name = commons;
			sourceTree = "<group>";
		};
		2F39DEA11F6B2D5B00536B14 /* Models */ = {
			isa = PBXGroup;
			children = (
				2F458DC11F6B45C400C54725 /* Cenario.swift */,
				1B29C6252202721A00EFA22B /* Escola.swift */,
			);
			name = Models;
			sourceTree = "<group>";
		};
		2FCA843F1F67707E001593D3 = {
			isa = PBXGroup;
			children = (
				2FCA844A1F67707E001593D3 /* IEB */,
				2FCA84621F67707E001593D3 /* IEBTests */,
				2FCA846D1F67707E001593D3 /* IEBUITests */,
				2FCA84491F67707E001593D3 /* Products */,
				2F356C201F679CCA00EFE0D3 /* Frameworks */,
				618295D36429E579134AA6A7 /* Pods */,
			);
			sourceTree = "<group>";
		};
		2FCA84491F67707E001593D3 /* Products */ = {
			isa = PBXGroup;
			children = (
				2FCA84481F67707E001593D3 /* IEB.app */,
				2FCA845F1F67707E001593D3 /* IEBTests.xctest */,
				2FCA846A1F67707E001593D3 /* IEBUITests.xctest */,
			);
			name = Products;
			sourceTree = "<group>";
		};
		2FCA844A1F67707E001593D3 /* IEB */ = {
			isa = PBXGroup;
			children = (
				1BEB0C842207393400716B65 /* TableView */,
				2F39DEA11F6B2D5B00536B14 /* Models */,
				2F3448E61F68F73A00E3F383 /* Controllers */,
				2F356C231F679FEF00EFE0D3 /* commons */,
				2FCA844B1F67707E001593D3 /* AppDelegate.swift */,
				2FCA844D1F67707E001593D3 /* ViewController.swift */,
				2FCA844F1F67707E001593D3 /* Main.storyboard */,
				1B6762FE21FE8B8500A442A5 /* Assets.xcassets */,
				2FCA84571F67707E001593D3 /* LaunchScreen.storyboard */,
				2FCA845A1F67707E001593D3 /* Info.plist */,
				2FCA84521F67707E001593D3 /* IEB.xcdatamodeld */,
				2F458DBF1F6B44F800C54725 /* GoogleService-Info.plist */,
			);
			path = IEB;
			sourceTree = "<group>";
		};
		2FCA84621F67707E001593D3 /* IEBTests */ = {
			isa = PBXGroup;
			children = (
				2FCA84631F67707E001593D3 /* IEBTests.swift */,
				2FCA84651F67707E001593D3 /* Info.plist */,
			);
			path = IEBTests;
			sourceTree = "<group>";
		};
		2FCA846D1F67707E001593D3 /* IEBUITests */ = {
			isa = PBXGroup;
			children = (
				2FCA846E1F67707E001593D3 /* IEBUITests.swift */,
				2FCA84701F67707E001593D3 /* Info.plist */,
			);
			path = IEBUITests;
			sourceTree = "<group>";
		};
		618295D36429E579134AA6A7 /* Pods */ = {
			isa = PBXGroup;
			children = (
				1A8ECF4D84E02C21837B93B8 /* Pods-IEB.debug.xcconfig */,
				870975CB0FAEEDFDF1B39A3F /* Pods-IEB.release.xcconfig */,
				C93CA9C93559283A3FC55EB2 /* Pods-IEBTests.debug.xcconfig */,
				F2CADE1CE041E2FC3B5033A2 /* Pods-IEBTests.release.xcconfig */,
				CEC8A7CF7CB2FC5B428AFFC0 /* Pods-IEBUITests.debug.xcconfig */,
				D6C808739C6F5502AC1D968E /* Pods-IEBUITests.release.xcconfig */,
			);
			name = Pods;
			sourceTree = "<group>";
		};
/* End PBXGroup section */

/* Begin PBXNativeTarget section */
		2FCA84471F67707E001593D3 /* IEB */ = {
			isa = PBXNativeTarget;
			buildConfigurationList = 2FCA84731F67707E001593D3 /* Build configuration list for PBXNativeTarget "IEB" */;
			buildPhases = (
				BA19A558F5D01FC5A834DF0D /* [CP] Check Pods Manifest.lock */,
				2FCA84441F67707E001593D3 /* Sources */,
				2FCA84451F67707E001593D3 /* Frameworks */,
				2FCA84461F67707E001593D3 /* Resources */,
				D391F4BA17E2A85565F20DFB /* [CP] Embed Pods Frameworks */,
				F36D11E80B68430695EE2E0B /* [CP] Copy Pods Resources */,
			);
			buildRules = (
			);
			dependencies = (
			);
			name = IEB;
			productName = IEB;
			productReference = 2FCA84481F67707E001593D3 /* IEB.app */;
			productType = "com.apple.product-type.application";
		};
		2FCA845E1F67707E001593D3 /* IEBTests */ = {
			isa = PBXNativeTarget;
			buildConfigurationList = 2FCA84761F67707E001593D3 /* Build configuration list for PBXNativeTarget "IEBTests" */;
			buildPhases = (
				23A4A6FE6BBE7A40C785339F /* [CP] Check Pods Manifest.lock */,
				2FCA845B1F67707E001593D3 /* Sources */,
				2FCA845C1F67707E001593D3 /* Frameworks */,
				2FCA845D1F67707E001593D3 /* Resources */,
				351082A6FDE0E12D066102B1 /* [CP] Embed Pods Frameworks */,
				1358B7D914B421D31F8F2ED8 /* [CP] Copy Pods Resources */,
			);
			buildRules = (
			);
			dependencies = (
				2FCA84611F67707E001593D3 /* PBXTargetDependency */,
			);
			name = IEBTests;
			productName = IEBTests;
			productReference = 2FCA845F1F67707E001593D3 /* IEBTests.xctest */;
			productType = "com.apple.product-type.bundle.unit-test";
		};
		2FCA84691F67707E001593D3 /* IEBUITests */ = {
			isa = PBXNativeTarget;
			buildConfigurationList = 2FCA84791F67707E001593D3 /* Build configuration list for PBXNativeTarget "IEBUITests" */;
			buildPhases = (
				C1AB39CB0FAA1B947C3B441C /* [CP] Check Pods Manifest.lock */,
				2FCA84661F67707E001593D3 /* Sources */,
				2FCA84671F67707E001593D3 /* Frameworks */,
				2FCA84681F67707E001593D3 /* Resources */,
				E7B95BDA4C6B150AEBB2B12A /* [CP] Embed Pods Frameworks */,
				BC9A97D02DB3E67281BCA089 /* [CP] Copy Pods Resources */,
			);
			buildRules = (
			);
			dependencies = (
				2FCA846C1F67707E001593D3 /* PBXTargetDependency */,
			);
			name = IEBUITests;
			productName = IEBUITests;
			productReference = 2FCA846A1F67707E001593D3 /* IEBUITests.xctest */;
			productType = "com.apple.product-type.bundle.ui-testing";
		};
/* End PBXNativeTarget section */

/* Begin PBXProject section */
		2FCA84401F67707E001593D3 /* Project object */ = {
			isa = PBXProject;
			attributes = {
				LastSwiftUpdateCheck = 0830;
				LastUpgradeCheck = 0830;
				ORGANIZATIONNAME = "Matheus Freitas";
				TargetAttributes = {
					2FCA84471F67707E001593D3 = {
						CreatedOnToolsVersion = 8.3.3;
						DevelopmentTeam = HRJ8RTJ59K;
						ProvisioningStyle = Automatic;
					};
					2FCA845E1F67707E001593D3 = {
						CreatedOnToolsVersion = 8.3.3;
						DevelopmentTeam = HRJ8RTJ59K;
						ProvisioningStyle = Automatic;
						TestTargetID = 2FCA84471F67707E001593D3;
					};
					2FCA84691F67707E001593D3 = {
						CreatedOnToolsVersion = 8.3.3;
						DevelopmentTeam = HRJ8RTJ59K;
						ProvisioningStyle = Automatic;
						TestTargetID = 2FCA84471F67707E001593D3;
					};
				};
			};
			buildConfigurationList = 2FCA84431F67707E001593D3 /* Build configuration list for PBXProject "IEB" */;
			compatibilityVersion = "Xcode 3.2";
			developmentRegion = English;
			hasScannedForEncodings = 0;
			knownRegions = (
				en,
				Base,
			);
			mainGroup = 2FCA843F1F67707E001593D3;
			productRefGroup = 2FCA84491F67707E001593D3 /* Products */;
			projectDirPath = "";
			projectRoot = "";
			targets = (
				2FCA84471F67707E001593D3 /* IEB */,
				2FCA845E1F67707E001593D3 /* IEBTests */,
				2FCA84691F67707E001593D3 /* IEBUITests */,
			);
		};
/* End PBXProject section */

/* Begin PBXResourcesBuildPhase section */
		2FCA84461F67707E001593D3 /* Resources */ = {
			isa = PBXResourcesBuildPhase;
			buildActionMask = 2147483647;
			files = (
				2FCA84591F67707E001593D3 /* LaunchScreen.storyboard in Resources */,
				2F458DC01F6B44F800C54725 /* GoogleService-Info.plist in Resources */,
				1B6762FF21FE8B8500A442A5 /* Assets.xcassets in Resources */,
				2FCA84511F67707E001593D3 /* Main.storyboard in Resources */,
			);
			runOnlyForDeploymentPostprocessing = 0;
		};
		2FCA845D1F67707E001593D3 /* Resources */ = {
			isa = PBXResourcesBuildPhase;
			buildActionMask = 2147483647;
			files = (
			);
			runOnlyForDeploymentPostprocessing = 0;
		};
		2FCA84681F67707E001593D3 /* Resources */ = {
			isa = PBXResourcesBuildPhase;
			buildActionMask = 2147483647;
			files = (
			);
			runOnlyForDeploymentPostprocessing = 0;
		};
/* End PBXResourcesBuildPhase section */

/* Begin PBXShellScriptBuildPhase section */
		1358B7D914B421D31F8F2ED8 /* [CP] Copy Pods Resources */ = {
			isa = PBXShellScriptBuildPhase;
			buildActionMask = 2147483647;
			files = (
			);
			inputPaths = (
			);
			name = "[CP] Copy Pods Resources";
			outputPaths = (
			);
			runOnlyForDeploymentPostprocessing = 0;
			shellPath = /bin/sh;
			shellScript = "\"${SRCROOT}/Pods/Target Support Files/Pods-IEBTests/Pods-IEBTests-resources.sh\"\n";
			showEnvVarsInLog = 0;
		};
		23A4A6FE6BBE7A40C785339F /* [CP] Check Pods Manifest.lock */ = {
			isa = PBXShellScriptBuildPhase;
			buildActionMask = 2147483647;
			files = (
			);
			inputPaths = (
				"${PODS_PODFILE_DIR_PATH}/Podfile.lock",
				"${PODS_ROOT}/Manifest.lock",
			);
			name = "[CP] Check Pods Manifest.lock";
			outputPaths = (
				"$(DERIVED_FILE_DIR)/Pods-IEBTests-checkManifestLockResult.txt",
			);
			runOnlyForDeploymentPostprocessing = 0;
			shellPath = /bin/sh;
			shellScript = "diff \"${PODS_PODFILE_DIR_PATH}/Podfile.lock\" \"${PODS_ROOT}/Manifest.lock\" > /dev/null\nif [ $? != 0 ] ; then\n    # print error to STDERR\n    echo \"error: The sandbox is not in sync with the Podfile.lock. Run 'pod install' or update your CocoaPods installation.\" >&2\n    exit 1\nfi\n# This output is used by Xcode 'outputs' to avoid re-running this script phase.\necho \"SUCCESS\" > \"${SCRIPT_OUTPUT_FILE_0}\"\n";
			showEnvVarsInLog = 0;
		};
		351082A6FDE0E12D066102B1 /* [CP] Embed Pods Frameworks */ = {
			isa = PBXShellScriptBuildPhase;
			buildActionMask = 2147483647;
			files = (
			);
			inputPaths = (
			);
			name = "[CP] Embed Pods Frameworks";
			outputPaths = (
			);
			runOnlyForDeploymentPostprocessing = 0;
			shellPath = /bin/sh;
			shellScript = "\"${SRCROOT}/Pods/Target Support Files/Pods-IEBTests/Pods-IEBTests-frameworks.sh\"\n";
			showEnvVarsInLog = 0;
		};
		BA19A558F5D01FC5A834DF0D /* [CP] Check Pods Manifest.lock */ = {
			isa = PBXShellScriptBuildPhase;
			buildActionMask = 2147483647;
			files = (
			);
			inputPaths = (
				"${PODS_PODFILE_DIR_PATH}/Podfile.lock",
				"${PODS_ROOT}/Manifest.lock",
			);
			name = "[CP] Check Pods Manifest.lock";
			outputPaths = (
				"$(DERIVED_FILE_DIR)/Pods-IEB-checkManifestLockResult.txt",
			);
			runOnlyForDeploymentPostprocessing = 0;
			shellPath = /bin/sh;
			shellScript = "diff \"${PODS_PODFILE_DIR_PATH}/Podfile.lock\" \"${PODS_ROOT}/Manifest.lock\" > /dev/null\nif [ $? != 0 ] ; then\n    # print error to STDERR\n    echo \"error: The sandbox is not in sync with the Podfile.lock. Run 'pod install' or update your CocoaPods installation.\" >&2\n    exit 1\nfi\n# This output is used by Xcode 'outputs' to avoid re-running this script phase.\necho \"SUCCESS\" > \"${SCRIPT_OUTPUT_FILE_0}\"\n";
			showEnvVarsInLog = 0;
		};
		BC9A97D02DB3E67281BCA089 /* [CP] Copy Pods Resources */ = {
			isa = PBXShellScriptBuildPhase;
			buildActionMask = 2147483647;
			files = (
			);
			inputPaths = (
			);
			name = "[CP] Copy Pods Resources";
			outputPaths = (
			);
			runOnlyForDeploymentPostprocessing = 0;
			shellPath = /bin/sh;
			shellScript = "\"${SRCROOT}/Pods/Target Support Files/Pods-IEBUITests/Pods-IEBUITests-resources.sh\"\n";
			showEnvVarsInLog = 0;
		};
		C1AB39CB0FAA1B947C3B441C /* [CP] Check Pods Manifest.lock */ = {
			isa = PBXShellScriptBuildPhase;
			buildActionMask = 2147483647;
			files = (
			);
			inputPaths = (
				"${PODS_PODFILE_DIR_PATH}/Podfile.lock",
				"${PODS_ROOT}/Manifest.lock",
			);
			name = "[CP] Check Pods Manifest.lock";
			outputPaths = (
				"$(DERIVED_FILE_DIR)/Pods-IEBUITests-checkManifestLockResult.txt",
			);
			runOnlyForDeploymentPostprocessing = 0;
			shellPath = /bin/sh;
			shellScript = "diff \"${PODS_PODFILE_DIR_PATH}/Podfile.lock\" \"${PODS_ROOT}/Manifest.lock\" > /dev/null\nif [ $? != 0 ] ; then\n    # print error to STDERR\n    echo \"error: The sandbox is not in sync with the Podfile.lock. Run 'pod install' or update your CocoaPods installation.\" >&2\n    exit 1\nfi\n# This output is used by Xcode 'outputs' to avoid re-running this script phase.\necho \"SUCCESS\" > \"${SCRIPT_OUTPUT_FILE_0}\"\n";
			showEnvVarsInLog = 0;
		};
		D391F4BA17E2A85565F20DFB /* [CP] Embed Pods Frameworks */ = {
			isa = PBXShellScriptBuildPhase;
			buildActionMask = 2147483647;
			files = (
			);
			inputPaths = (
				"${SRCROOT}/Pods/Target Support Files/Pods-IEB/Pods-IEB-frameworks.sh",
				"${BUILT_PRODUCTS_DIR}/GTMSessionFetcher/GTMSessionFetcher.framework",
				"${BUILT_PRODUCTS_DIR}/GoogleUtilities/GoogleUtilities.framework",
				"${BUILT_PRODUCTS_DIR}/leveldb-library/leveldb.framework",
				"${BUILT_PRODUCTS_DIR}/nanopb/nanopb.framework",
			);
			name = "[CP] Embed Pods Frameworks";
			outputPaths = (
				"${TARGET_BUILD_DIR}/${FRAMEWORKS_FOLDER_PATH}/GTMSessionFetcher.framework",
				"${TARGET_BUILD_DIR}/${FRAMEWORKS_FOLDER_PATH}/GoogleUtilities.framework",
				"${TARGET_BUILD_DIR}/${FRAMEWORKS_FOLDER_PATH}/leveldb.framework",
				"${TARGET_BUILD_DIR}/${FRAMEWORKS_FOLDER_PATH}/nanopb.framework",
			);
			runOnlyForDeploymentPostprocessing = 0;
			shellPath = /bin/sh;
			shellScript = "\"${SRCROOT}/Pods/Target Support Files/Pods-IEB/Pods-IEB-frameworks.sh\"\n";
			showEnvVarsInLog = 0;
		};
		E7B95BDA4C6B150AEBB2B12A /* [CP] Embed Pods Frameworks */ = {
			isa = PBXShellScriptBuildPhase;
			buildActionMask = 2147483647;
			files = (
			);
			inputPaths = (
			);
			name = "[CP] Embed Pods Frameworks";
			outputPaths = (
			);
			runOnlyForDeploymentPostprocessing = 0;
			shellPath = /bin/sh;
			shellScript = "\"${SRCROOT}/Pods/Target Support Files/Pods-IEBUITests/Pods-IEBUITests-frameworks.sh\"\n";
			showEnvVarsInLog = 0;
		};
		F36D11E80B68430695EE2E0B /* [CP] Copy Pods Resources */ = {
			isa = PBXShellScriptBuildPhase;
			buildActionMask = 2147483647;
			files = (
			);
			inputPaths = (
			);
			name = "[CP] Copy Pods Resources";
			outputPaths = (
			);
			runOnlyForDeploymentPostprocessing = 0;
			shellPath = /bin/sh;
			shellScript = "\"${SRCROOT}/Pods/Target Support Files/Pods-IEB/Pods-IEB-resources.sh\"\n";
			showEnvVarsInLog = 0;
		};
/* End PBXShellScriptBuildPhase section */

/* Begin PBXSourcesBuildPhase section */
		2FCA84441F67707E001593D3 /* Sources */ = {
			isa = PBXSourcesBuildPhase;
			buildActionMask = 2147483647;
			files = (
				1BEB0C83220723F700716B65 /* InformacoesSocialViewController.swift in Sources */,
				1B29C6262202721A00EFA22B /* Escola.swift in Sources */,
				1B3F9D2C2207E3AB0008F892 /* TransporteViewController.swift in Sources */,
				2F39DE9C1F6B291500536B14 /* SocialViewController.swift in Sources */,
				2F39DEA01F6B296300536B14 /* QuestionsViewController.swift in Sources */,
				2F39DE9E1F6B292D00536B14 /* DetalhesSocialViewController.swift in Sources */,
				2F3C719B1F6B6C8D002663BE /* AlertaFactory.swift in Sources */,
				2F3448E51F68E6E600E3F383 /* RatingControl.swift in Sources */,
				2F458DC21F6B45C400C54725 /* Cenario.swift in Sources */,
				1B89E3D922091C4B00A815D9 /* InformacaoEscolaPopupViewController.swift in Sources */,
				2FCA84541F67707E001593D3 /* IEB.xcdatamodeld in Sources */,
				2FCA844E1F67707E001593D3 /* ViewController.swift in Sources */,
				1BEB0C86220739B500716B65 /* DadosDetalhesSocialTableViewController.swift in Sources */,
				2F3DC2CD1F6D65C800B1A3A5 /* EconomicoViewController.swift in Sources */,
				2FCA844C1F67707E001593D3 /* AppDelegate.swift in Sources */,
			);
			runOnlyForDeploymentPostprocessing = 0;
		};
		2FCA845B1F67707E001593D3 /* Sources */ = {
			isa = PBXSourcesBuildPhase;
			buildActionMask = 2147483647;
			files = (
				2FCA84641F67707E001593D3 /* IEBTests.swift in Sources */,
			);
			runOnlyForDeploymentPostprocessing = 0;
		};
		2FCA84661F67707E001593D3 /* Sources */ = {
			isa = PBXSourcesBuildPhase;
			buildActionMask = 2147483647;
			files = (
				2FCA846F1F67707E001593D3 /* IEBUITests.swift in Sources */,
			);
			runOnlyForDeploymentPostprocessing = 0;
		};
/* End PBXSourcesBuildPhase section */

/* Begin PBXTargetDependency section */
		2FCA84611F67707E001593D3 /* PBXTargetDependency */ = {
			isa = PBXTargetDependency;
			target = 2FCA84471F67707E001593D3 /* IEB */;
			targetProxy = 2FCA84601F67707E001593D3 /* PBXContainerItemProxy */;
		};
		2FCA846C1F67707E001593D3 /* PBXTargetDependency */ = {
			isa = PBXTargetDependency;
			target = 2FCA84471F67707E001593D3 /* IEB */;
			targetProxy = 2FCA846B1F67707E001593D3 /* PBXContainerItemProxy */;
		};
/* End PBXTargetDependency section */

/* Begin PBXVariantGroup section */
		2FCA844F1F67707E001593D3 /* Main.storyboard */ = {
			isa = PBXVariantGroup;
			children = (
				2FCA84501F67707E001593D3 /* Base */,
			);
			name = Main.storyboard;
			sourceTree = "<group>";
		};
		2FCA84571F67707E001593D3 /* LaunchScreen.storyboard */ = {
			isa = PBXVariantGroup;
			children = (
				2FCA84581F67707E001593D3 /* Base */,
			);
			name = LaunchScreen.storyboard;
			sourceTree = "<group>";
		};
/* End PBXVariantGroup section */

/* Begin XCBuildConfiguration section */
		2FCA84711F67707E001593D3 /* Debug */ = {
			isa = XCBuildConfiguration;
			buildSettings = {
				ALWAYS_SEARCH_USER_PATHS = NO;
				CLANG_ANALYZER_NONNULL = YES;
				CLANG_ANALYZER_NUMBER_OBJECT_CONVERSION = YES_AGGRESSIVE;
				CLANG_CXX_LANGUAGE_STANDARD = "gnu++0x";
				CLANG_CXX_LIBRARY = "libc++";
				CLANG_ENABLE_MODULES = YES;
				CLANG_ENABLE_OBJC_ARC = YES;
				CLANG_WARN_BOOL_CONVERSION = YES;
				CLANG_WARN_CONSTANT_CONVERSION = YES;
				CLANG_WARN_DIRECT_OBJC_ISA_USAGE = YES_ERROR;
				CLANG_WARN_DOCUMENTATION_COMMENTS = YES;
				CLANG_WARN_EMPTY_BODY = YES;
				CLANG_WARN_ENUM_CONVERSION = YES;
				CLANG_WARN_INFINITE_RECURSION = YES;
				CLANG_WARN_INT_CONVERSION = YES;
				CLANG_WARN_OBJC_ROOT_CLASS = YES_ERROR;
				CLANG_WARN_SUSPICIOUS_MOVE = YES;
				CLANG_WARN_UNREACHABLE_CODE = YES;
				CLANG_WARN__DUPLICATE_METHOD_MATCH = YES;
				"CODE_SIGN_IDENTITY[sdk=iphoneos*]" = "iPhone Developer";
				COPY_PHASE_STRIP = NO;
				DEBUG_INFORMATION_FORMAT = dwarf;
				ENABLE_STRICT_OBJC_MSGSEND = YES;
				ENABLE_TESTABILITY = YES;
				GCC_C_LANGUAGE_STANDARD = gnu99;
				GCC_DYNAMIC_NO_PIC = NO;
				GCC_NO_COMMON_BLOCKS = YES;
				GCC_OPTIMIZATION_LEVEL = 0;
				GCC_PREPROCESSOR_DEFINITIONS = (
					"DEBUG=1",
					"$(inherited)",
				);
				GCC_WARN_64_TO_32_BIT_CONVERSION = YES;
				GCC_WARN_ABOUT_RETURN_TYPE = YES_ERROR;
				GCC_WARN_UNDECLARED_SELECTOR = YES;
				GCC_WARN_UNINITIALIZED_AUTOS = YES_AGGRESSIVE;
				GCC_WARN_UNUSED_FUNCTION = YES;
				GCC_WARN_UNUSED_VARIABLE = YES;
				IPHONEOS_DEPLOYMENT_TARGET = 10.3;
				MTL_ENABLE_DEBUG_INFO = YES;
				ONLY_ACTIVE_ARCH = YES;
				SDKROOT = iphoneos;
				SWIFT_ACTIVE_COMPILATION_CONDITIONS = DEBUG;
				SWIFT_OPTIMIZATION_LEVEL = "-Onone";
			};
			name = Debug;
		};
		2FCA84721F67707E001593D3 /* Release */ = {
			isa = XCBuildConfiguration;
			buildSettings = {
				ALWAYS_SEARCH_USER_PATHS = NO;
				CLANG_ANALYZER_NONNULL = YES;
				CLANG_ANALYZER_NUMBER_OBJECT_CONVERSION = YES_AGGRESSIVE;
				CLANG_CXX_LANGUAGE_STANDARD = "gnu++0x";
				CLANG_CXX_LIBRARY = "libc++";
				CLANG_ENABLE_MODULES = YES;
				CLANG_ENABLE_OBJC_ARC = YES;
				CLANG_WARN_BOOL_CONVERSION = YES;
				CLANG_WARN_CONSTANT_CONVERSION = YES;
				CLANG_WARN_DIRECT_OBJC_ISA_USAGE = YES_ERROR;
				CLANG_WARN_DOCUMENTATION_COMMENTS = YES;
				CLANG_WARN_EMPTY_BODY = YES;
				CLANG_WARN_ENUM_CONVERSION = YES;
				CLANG_WARN_INFINITE_RECURSION = YES;
				CLANG_WARN_INT_CONVERSION = YES;
				CLANG_WARN_OBJC_ROOT_CLASS = YES_ERROR;
				CLANG_WARN_SUSPICIOUS_MOVE = YES;
				CLANG_WARN_UNREACHABLE_CODE = YES;
				CLANG_WARN__DUPLICATE_METHOD_MATCH = YES;
				"CODE_SIGN_IDENTITY[sdk=iphoneos*]" = "iPhone Developer";
				COPY_PHASE_STRIP = NO;
				DEBUG_INFORMATION_FORMAT = "dwarf-with-dsym";
				ENABLE_NS_ASSERTIONS = NO;
				ENABLE_STRICT_OBJC_MSGSEND = YES;
				GCC_C_LANGUAGE_STANDARD = gnu99;
				GCC_NO_COMMON_BLOCKS = YES;
				GCC_WARN_64_TO_32_BIT_CONVERSION = YES;
				GCC_WARN_ABOUT_RETURN_TYPE = YES_ERROR;
				GCC_WARN_UNDECLARED_SELECTOR = YES;
				GCC_WARN_UNINITIALIZED_AUTOS = YES_AGGRESSIVE;
				GCC_WARN_UNUSED_FUNCTION = YES;
				GCC_WARN_UNUSED_VARIABLE = YES;
				IPHONEOS_DEPLOYMENT_TARGET = 10.3;
				MTL_ENABLE_DEBUG_INFO = NO;
				SDKROOT = iphoneos;
				SWIFT_OPTIMIZATION_LEVEL = "-Owholemodule";
				VALIDATE_PRODUCT = YES;
			};
			name = Release;
		};
		2FCA84741F67707E001593D3 /* Debug */ = {
			isa = XCBuildConfiguration;
			baseConfigurationReference = 1A8ECF4D84E02C21837B93B8 /* Pods-IEB.debug.xcconfig */;
			buildSettings = {
				ASSETCATALOG_COMPILER_APPICON_NAME = AppIcon;
				DEVELOPMENT_TEAM = HRJ8RTJ59K;
				INFOPLIST_FILE = IEB/Info.plist;
				IPHONEOS_DEPLOYMENT_TARGET = 11.2;
				LD_RUNPATH_SEARCH_PATHS = "$(inherited) @executable_path/Frameworks";
				PRODUCT_BUNDLE_IDENTIFIER = br.com.coffee.IEB;
				PRODUCT_NAME = "$(TARGET_NAME)";
				SWIFT_VERSION = 3.0;
			};
			name = Debug;
		};
		2FCA84751F67707E001593D3 /* Release */ = {
			isa = XCBuildConfiguration;
			baseConfigurationReference = 870975CB0FAEEDFDF1B39A3F /* Pods-IEB.release.xcconfig */;
			buildSettings = {
				ASSETCATALOG_COMPILER_APPICON_NAME = AppIcon;
				DEVELOPMENT_TEAM = HRJ8RTJ59K;
				INFOPLIST_FILE = IEB/Info.plist;
				IPHONEOS_DEPLOYMENT_TARGET = 11.2;
				LD_RUNPATH_SEARCH_PATHS = "$(inherited) @executable_path/Frameworks";
				PRODUCT_BUNDLE_IDENTIFIER = br.com.coffee.IEB;
				PRODUCT_NAME = "$(TARGET_NAME)";
				SWIFT_VERSION = 3.0;
			};
			name = Release;
		};
		2FCA84771F67707E001593D3 /* Debug */ = {
			isa = XCBuildConfiguration;
			baseConfigurationReference = C93CA9C93559283A3FC55EB2 /* Pods-IEBTests.debug.xcconfig */;
			buildSettings = {
				ALWAYS_EMBED_SWIFT_STANDARD_LIBRARIES = YES;
				BUNDLE_LOADER = "$(TEST_HOST)";
				DEVELOPMENT_TEAM = HRJ8RTJ59K;
				INFOPLIST_FILE = IEBTests/Info.plist;
				LD_RUNPATH_SEARCH_PATHS = "$(inherited) @executable_path/Frameworks @loader_path/Frameworks";
				PRODUCT_BUNDLE_IDENTIFIER = br.com.coffee.IEBTests;
				PRODUCT_NAME = "$(TARGET_NAME)";
				SWIFT_VERSION = 3.0;
				TEST_HOST = "$(BUILT_PRODUCTS_DIR)/IEB.app/IEB";
			};
			name = Debug;
		};
		2FCA84781F67707E001593D3 /* Release */ = {
			isa = XCBuildConfiguration;
			baseConfigurationReference = F2CADE1CE041E2FC3B5033A2 /* Pods-IEBTests.release.xcconfig */;
			buildSettings = {
				ALWAYS_EMBED_SWIFT_STANDARD_LIBRARIES = YES;
				BUNDLE_LOADER = "$(TEST_HOST)";
				DEVELOPMENT_TEAM = HRJ8RTJ59K;
				INFOPLIST_FILE = IEBTests/Info.plist;
				LD_RUNPATH_SEARCH_PATHS = "$(inherited) @executable_path/Frameworks @loader_path/Frameworks";
				PRODUCT_BUNDLE_IDENTIFIER = br.com.coffee.IEBTests;
				PRODUCT_NAME = "$(TARGET_NAME)";
				SWIFT_VERSION = 3.0;
				TEST_HOST = "$(BUILT_PRODUCTS_DIR)/IEB.app/IEB";
			};
			name = Release;
		};
		2FCA847A1F67707E001593D3 /* Debug */ = {
			isa = XCBuildConfiguration;
			baseConfigurationReference = CEC8A7CF7CB2FC5B428AFFC0 /* Pods-IEBUITests.debug.xcconfig */;
			buildSettings = {
				ALWAYS_EMBED_SWIFT_STANDARD_LIBRARIES = YES;
				DEVELOPMENT_TEAM = HRJ8RTJ59K;
				INFOPLIST_FILE = IEBUITests/Info.plist;
				LD_RUNPATH_SEARCH_PATHS = "$(inherited) @executable_path/Frameworks @loader_path/Frameworks";
				PRODUCT_BUNDLE_IDENTIFIER = br.com.coffee.IEBUITests;
				PRODUCT_NAME = "$(TARGET_NAME)";
				SWIFT_VERSION = 3.0;
				TEST_TARGET_NAME = IEB;
			};
			name = Debug;
		};
		2FCA847B1F67707E001593D3 /* Release */ = {
			isa = XCBuildConfiguration;
			baseConfigurationReference = D6C808739C6F5502AC1D968E /* Pods-IEBUITests.release.xcconfig */;
			buildSettings = {
				ALWAYS_EMBED_SWIFT_STANDARD_LIBRARIES = YES;
				DEVELOPMENT_TEAM = HRJ8RTJ59K;
				INFOPLIST_FILE = IEBUITests/Info.plist;
				LD_RUNPATH_SEARCH_PATHS = "$(inherited) @executable_path/Frameworks @loader_path/Frameworks";
				PRODUCT_BUNDLE_IDENTIFIER = br.com.coffee.IEBUITests;
				PRODUCT_NAME = "$(TARGET_NAME)";
				SWIFT_VERSION = 3.0;
				TEST_TARGET_NAME = IEB;
			};
			name = Release;
		};
/* End XCBuildConfiguration section */

/* Begin XCConfigurationList section */
		2FCA84431F67707E001593D3 /* Build configuration list for PBXProject "IEB" */ = {
			isa = XCConfigurationList;
			buildConfigurations = (
				2FCA84711F67707E001593D3 /* Debug */,
				2FCA84721F67707E001593D3 /* Release */,
			);
			defaultConfigurationIsVisible = 0;
			defaultConfigurationName = Release;
		};
		2FCA84731F67707E001593D3 /* Build configuration list for PBXNativeTarget "IEB" */ = {
			isa = XCConfigurationList;
			buildConfigurations = (
				2FCA84741F67707E001593D3 /* Debug */,
				2FCA84751F67707E001593D3 /* Release */,
			);
			defaultConfigurationIsVisible = 0;
			defaultConfigurationName = Release;
		};
		2FCA84761F67707E001593D3 /* Build configuration list for PBXNativeTarget "IEBTests" */ = {
			isa = XCConfigurationList;
			buildConfigurations = (
				2FCA84771F67707E001593D3 /* Debug */,
				2FCA84781F67707E001593D3 /* Release */,
			);
			defaultConfigurationIsVisible = 0;
			defaultConfigurationName = Release;
		};
		2FCA84791F67707E001593D3 /* Build configuration list for PBXNativeTarget "IEBUITests" */ = {
			isa = XCConfigurationList;
			buildConfigurations = (
				2FCA847A1F67707E001593D3 /* Debug */,
				2FCA847B1F67707E001593D3 /* Release */,
			);
			defaultConfigurationIsVisible = 0;
			defaultConfigurationName = Release;
		};
/* End XCConfigurationList section */

/* Begin XCVersionGroup section */
		2FCA84521F67707E001593D3 /* IEB.xcdatamodeld */ = {
			isa = XCVersionGroup;
			children = (
				2FCA84531F67707E001593D3 /* IEB.xcdatamodel */,
			);
			currentVersion = 2FCA84531F67707E001593D3 /* IEB.xcdatamodel */;
			path = IEB.xcdatamodeld;
			sourceTree = "<group>";
			versionGroupType = wrapper.xcdatamodel;
		};
/* End XCVersionGroup section */
	};
	rootObject = 2FCA84401F67707E001593D3 /* Project object */;
}
